// !$*UTF8*$!
{
	archiveVersion = 1;
	classes = {
	};
	objectVersion = 55;
	objects = {

/* Begin PBXBuildFile section */
		1667BA696225E410CF0EA002 /* Pods_fastlaneTest.framework in Frameworks */ = {isa = PBXBuildFile; fileRef = 352D2F85B165034F912ED501 /* Pods_fastlaneTest.framework */; };
		BF490F56285FE4F60039A813 /* fastlaneTestTests.swift in Sources */ = {isa = PBXBuildFile; fileRef = BF490F55285FE4F60039A813 /* fastlaneTestTests.swift */; };
		BFEDB664285FE05B00AF4A98 /* AppDelegate.swift in Sources */ = {isa = PBXBuildFile; fileRef = BFEDB663285FE05B00AF4A98 /* AppDelegate.swift */; };
		BFEDB666285FE05B00AF4A98 /* SceneDelegate.swift in Sources */ = {isa = PBXBuildFile; fileRef = BFEDB665285FE05B00AF4A98 /* SceneDelegate.swift */; };
		BFEDB668285FE05B00AF4A98 /* ViewController.swift in Sources */ = {isa = PBXBuildFile; fileRef = BFEDB667285FE05B00AF4A98 /* ViewController.swift */; };
		BFEDB66B285FE05B00AF4A98 /* Main.storyboard in Resources */ = {isa = PBXBuildFile; fileRef = BFEDB669285FE05B00AF4A98 /* Main.storyboard */; };
		BFEDB66D285FE05F00AF4A98 /* Assets.xcassets in Resources */ = {isa = PBXBuildFile; fileRef = BFEDB66C285FE05F00AF4A98 /* Assets.xcassets */; };
		BFEDB670285FE05F00AF4A98 /* LaunchScreen.storyboard in Resources */ = {isa = PBXBuildFile; fileRef = BFEDB66E285FE05F00AF4A98 /* LaunchScreen.storyboard */; };
/* End PBXBuildFile section */

/* Begin PBXContainerItemProxy section */
		BF490F57285FE4F60039A813 /* PBXContainerItemProxy */ = {
			isa = PBXContainerItemProxy;
			containerPortal = BFEDB658285FE05B00AF4A98 /* Project object */;
			proxyType = 1;
			remoteGlobalIDString = BFEDB65F285FE05B00AF4A98;
			remoteInfo = fastlaneTest;
		};
/* End PBXContainerItemProxy section */

/* Begin PBXFileReference section */
		352D2F85B165034F912ED501 /* Pods_fastlaneTest.framework */ = {isa = PBXFileReference; explicitFileType = wrapper.framework; includeInIndex = 0; path = Pods_fastlaneTest.framework; sourceTree = BUILT_PRODUCTS_DIR; };
		4D269D2892B20561BDB29BFC /* Pods-fastlaneTest.debug.xcconfig */ = {isa = PBXFileReference; includeInIndex = 1; lastKnownFileType = text.xcconfig; name = "Pods-fastlaneTest.debug.xcconfig"; path = "Target Support Files/Pods-fastlaneTest/Pods-fastlaneTest.debug.xcconfig"; sourceTree = "<group>"; };
		7E6AEABBA0B17D4F2EA505E7 /* Pods-fastlaneTest.release.xcconfig */ = {isa = PBXFileReference; includeInIndex = 1; lastKnownFileType = text.xcconfig; name = "Pods-fastlaneTest.release.xcconfig"; path = "Target Support Files/Pods-fastlaneTest/Pods-fastlaneTest.release.xcconfig"; sourceTree = "<group>"; };
		BF490F53285FE4F60039A813 /* fastlaneTestTests.xctest */ = {isa = PBXFileReference; explicitFileType = wrapper.cfbundle; includeInIndex = 0; path = fastlaneTestTests.xctest; sourceTree = BUILT_PRODUCTS_DIR; };
		BF490F55285FE4F60039A813 /* fastlaneTestTests.swift */ = {isa = PBXFileReference; lastKnownFileType = sourcecode.swift; path = fastlaneTestTests.swift; sourceTree = "<group>"; };
		BFEDB660285FE05B00AF4A98 /* fastlaneTest.app */ = {isa = PBXFileReference; explicitFileType = wrapper.application; includeInIndex = 0; path = fastlaneTest.app; sourceTree = BUILT_PRODUCTS_DIR; };
		BFEDB663285FE05B00AF4A98 /* AppDelegate.swift */ = {isa = PBXFileReference; lastKnownFileType = sourcecode.swift; path = AppDelegate.swift; sourceTree = "<group>"; };
		BFEDB665285FE05B00AF4A98 /* SceneDelegate.swift */ = {isa = PBXFileReference; lastKnownFileType = sourcecode.swift; path = SceneDelegate.swift; sourceTree = "<group>"; };
		BFEDB667285FE05B00AF4A98 /* ViewController.swift */ = {isa = PBXFileReference; lastKnownFileType = sourcecode.swift; path = ViewController.swift; sourceTree = "<group>"; };
		BFEDB66A285FE05B00AF4A98 /* Base */ = {isa = PBXFileReference; lastKnownFileType = file.storyboard; name = Base; path = Base.lproj/Main.storyboard; sourceTree = "<group>"; };
		BFEDB66C285FE05F00AF4A98 /* Assets.xcassets */ = {isa = PBXFileReference; lastKnownFileType = folder.assetcatalog; path = Assets.xcassets; sourceTree = "<group>"; };
		BFEDB66F285FE05F00AF4A98 /* Base */ = {isa = PBXFileReference; lastKnownFileType = file.storyboard; name = Base; path = Base.lproj/LaunchScreen.storyboard; sourceTree = "<group>"; };
		BFEDB671285FE05F00AF4A98 /* Info.plist */ = {isa = PBXFileReference; lastKnownFileType = text.plist.xml; path = Info.plist; sourceTree = "<group>"; };
/* End PBXFileReference section */

/* Begin PBXFrameworksBuildPhase section */
		BF490F50285FE4F60039A813 /* Frameworks */ = {
			isa = PBXFrameworksBuildPhase;
			buildActionMask = 2147483647;
			files = (
			);
			runOnlyForDeploymentPostprocessing = 0;
		};
		BFEDB65D285FE05B00AF4A98 /* Frameworks */ = {
			isa = PBXFrameworksBuildPhase;
			buildActionMask = 2147483647;
			files = (
				1667BA696225E410CF0EA002 /* Pods_fastlaneTest.framework in Frameworks */,
			);
			runOnlyForDeploymentPostprocessing = 0;
		};
/* End PBXFrameworksBuildPhase section */

/* Begin PBXGroup section */
		7C1ACEE3C5FB3707A001F6E9 /* Frameworks */ = {
			isa = PBXGroup;
			children = (
				352D2F85B165034F912ED501 /* Pods_fastlaneTest.framework */,
			);
			name = Frameworks;
			sourceTree = "<group>";
		};
		B66B18A722E2A69EF4B9C878 /* Pods */ = {
			isa = PBXGroup;
			children = (
				4D269D2892B20561BDB29BFC /* Pods-fastlaneTest.debug.xcconfig */,
				7E6AEABBA0B17D4F2EA505E7 /* Pods-fastlaneTest.release.xcconfig */,
			);
			path = Pods;
			sourceTree = "<group>";
		};
		BF490F54285FE4F60039A813 /* fastlaneTestTests */ = {
			isa = PBXGroup;
			children = (
				BF490F55285FE4F60039A813 /* fastlaneTestTests.swift */,
			);
			path = fastlaneTestTests;
			sourceTree = "<group>";
		};
		BFEDB657285FE05B00AF4A98 = {
			isa = PBXGroup;
			children = (
				BFEDB662285FE05B00AF4A98 /* fastlaneTest */,
				BF490F54285FE4F60039A813 /* fastlaneTestTests */,
				BFEDB661285FE05B00AF4A98 /* Products */,
				B66B18A722E2A69EF4B9C878 /* Pods */,
				7C1ACEE3C5FB3707A001F6E9 /* Frameworks */,
			);
			sourceTree = "<group>";
		};
		BFEDB661285FE05B00AF4A98 /* Products */ = {
			isa = PBXGroup;
			children = (
				BFEDB660285FE05B00AF4A98 /* fastlaneTest.app */,
				BF490F53285FE4F60039A813 /* fastlaneTestTests.xctest */,
			);
			name = Products;
			sourceTree = "<group>";
		};
		BFEDB662285FE05B00AF4A98 /* fastlaneTest */ = {
			isa = PBXGroup;
			children = (
				BFEDB663285FE05B00AF4A98 /* AppDelegate.swift */,
				BFEDB665285FE05B00AF4A98 /* SceneDelegate.swift */,
				BFEDB667285FE05B00AF4A98 /* ViewController.swift */,
				BFEDB669285FE05B00AF4A98 /* Main.storyboard */,
				BFEDB66C285FE05F00AF4A98 /* Assets.xcassets */,
				BFEDB66E285FE05F00AF4A98 /* LaunchScreen.storyboard */,
				BFEDB671285FE05F00AF4A98 /* Info.plist */,
			);
			path = fastlaneTest;
			sourceTree = "<group>";
		};
/* End PBXGroup section */

/* Begin PBXNativeTarget section */
		BF490F52285FE4F60039A813 /* fastlaneTestTests */ = {
			isa = PBXNativeTarget;
			buildConfigurationList = BF490F5B285FE4F60039A813 /* Build configuration list for PBXNativeTarget "fastlaneTestTests" */;
			buildPhases = (
				BF490F4F285FE4F60039A813 /* Sources */,
				BF490F50285FE4F60039A813 /* Frameworks */,
				BF490F51285FE4F60039A813 /* Resources */,
			);
			buildRules = (
			);
			dependencies = (
				BF490F58285FE4F60039A813 /* PBXTargetDependency */,
			);
			name = fastlaneTestTests;
			productName = fastlaneTestTests;
			productReference = BF490F53285FE4F60039A813 /* fastlaneTestTests.xctest */;
			productType = "com.apple.product-type.bundle.unit-test";
		};
		BFEDB65F285FE05B00AF4A98 /* fastlaneTest */ = {
			isa = PBXNativeTarget;
			buildConfigurationList = BFEDB674285FE05F00AF4A98 /* Build configuration list for PBXNativeTarget "fastlaneTest" */;
			buildPhases = (
				BD209ED6B17A940EA621A6FE /* [CP] Check Pods Manifest.lock */,
				BFEDB65C285FE05B00AF4A98 /* Sources */,
				BFEDB65D285FE05B00AF4A98 /* Frameworks */,
				BFEDB65E285FE05B00AF4A98 /* Resources */,
			);
			buildRules = (
			);
			dependencies = (
			);
			name = fastlaneTest;
			productName = fastlaneTest;
			productReference = BFEDB660285FE05B00AF4A98 /* fastlaneTest.app */;
			productType = "com.apple.product-type.application";
		};
/* End PBXNativeTarget section */

/* Begin PBXProject section */
		BFEDB658285FE05B00AF4A98 /* Project object */ = {
			isa = PBXProject;
			attributes = {
				BuildIndependentTargetsInParallel = 1;
				LastSwiftUpdateCheck = 1340;
				LastUpgradeCheck = 1340;
				TargetAttributes = {
					BF490F52285FE4F60039A813 = {
						CreatedOnToolsVersion = 13.4.1;
						TestTargetID = BFEDB65F285FE05B00AF4A98;
					};
					BFEDB65F285FE05B00AF4A98 = {
						CreatedOnToolsVersion = 13.4.1;
					};
				};
			};
			buildConfigurationList = BFEDB65B285FE05B00AF4A98 /* Build configuration list for PBXProject "fastlaneTest" */;
			compatibilityVersion = "Xcode 13.0";
			developmentRegion = en;
			hasScannedForEncodings = 0;
			knownRegions = (
				en,
				Base,
			);
			mainGroup = BFEDB657285FE05B00AF4A98;
			productRefGroup = BFEDB661285FE05B00AF4A98 /* Products */;
			projectDirPath = "";
			projectRoot = "";
			targets = (
				BFEDB65F285FE05B00AF4A98 /* fastlaneTest */,
				BF490F52285FE4F60039A813 /* fastlaneTestTests */,
			);
		};
/* End PBXProject section */

/* Begin PBXResourcesBuildPhase section */
		BF490F51285FE4F60039A813 /* Resources */ = {
			isa = PBXResourcesBuildPhase;
			buildActionMask = 2147483647;
			files = (
			);
			runOnlyForDeploymentPostprocessing = 0;
		};
		BFEDB65E285FE05B00AF4A98 /* Resources */ = {
			isa = PBXResourcesBuildPhase;
			buildActionMask = 2147483647;
			files = (
				BFEDB670285FE05F00AF4A98 /* LaunchScreen.storyboard in Resources */,
				BFEDB66D285FE05F00AF4A98 /* Assets.xcassets in Resources */,
				BFEDB66B285FE05B00AF4A98 /* Main.storyboard in Resources */,
			);
			runOnlyForDeploymentPostprocessing = 0;
		};
/* End PBXResourcesBuildPhase section */

/* Begin PBXShellScriptBuildPhase section */
		BD209ED6B17A940EA621A6FE /* [CP] Check Pods Manifest.lock */ = {
			isa = PBXShellScriptBuildPhase;
			buildActionMask = 2147483647;
			files = (
			);
			inputFileListPaths = (
			);
			inputPaths = (
				"${PODS_PODFILE_DIR_PATH}/Podfile.lock",
				"${PODS_ROOT}/Manifest.lock",
			);
			name = "[CP] Check Pods Manifest.lock";
			outputFileListPaths = (
			);
			outputPaths = (
				"$(DERIVED_FILE_DIR)/Pods-fastlaneTest-checkManifestLockResult.txt",
			);
			runOnlyForDeploymentPostprocessing = 0;
			shellPath = /bin/sh;
			shellScript = "diff \"${PODS_PODFILE_DIR_PATH}/Podfile.lock\" \"${PODS_ROOT}/Manifest.lock\" > /dev/null\nif [ $? != 0 ] ; then\n    # print error to STDERR\n    echo \"error: The sandbox is not in sync with the Podfile.lock. Run 'pod install' or update your CocoaPods installation.\" >&2\n    exit 1\nfi\n# This output is used by Xcode 'outputs' to avoid re-running this script phase.\necho \"SUCCESS\" > \"${SCRIPT_OUTPUT_FILE_0}\"\n";
			showEnvVarsInLog = 0;
		};
/* End PBXShellScriptBuildPhase section */

/* Begin PBXSourcesBuildPhase section */
		BF490F4F285FE4F60039A813 /* Sources */ = {
			isa = PBXSourcesBuildPhase;
			buildActionMask = 2147483647;
			files = (
				BF490F56285FE4F60039A813 /* fastlaneTestTests.swift in Sources */,
			);
			runOnlyForDeploymentPostprocessing = 0;
		};
		BFEDB65C285FE05B00AF4A98 /* Sources */ = {
			isa = PBXSourcesBuildPhase;
			buildActionMask = 2147483647;
			files = (
				BFEDB668285FE05B00AF4A98 /* ViewController.swift in Sources */,
				BFEDB664285FE05B00AF4A98 /* AppDelegate.swift in Sources */,
				BFEDB666285FE05B00AF4A98 /* SceneDelegate.swift in Sources */,
			);
			runOnlyForDeploymentPostprocessing = 0;
		};
/* End PBXSourcesBuildPhase section */

/* Begin PBXTargetDependency section */
		BF490F58285FE4F60039A813 /* PBXTargetDependency */ = {
			isa = PBXTargetDependency;
			target = BFEDB65F285FE05B00AF4A98 /* fastlaneTest */;
			targetProxy = BF490F57285FE4F60039A813 /* PBXContainerItemProxy */;
		};
/* End PBXTargetDependency section */

/* Begin PBXVariantGroup section */
		BFEDB669285FE05B00AF4A98 /* Main.storyboard */ = {
			isa = PBXVariantGroup;
			children = (
				BFEDB66A285FE05B00AF4A98 /* Base */,
			);
			name = Main.storyboard;
			sourceTree = "<group>";
		};
		BFEDB66E285FE05F00AF4A98 /* LaunchScreen.storyboard */ = {
			isa = PBXVariantGroup;
			children = (
				BFEDB66F285FE05F00AF4A98 /* Base */,
			);
			name = LaunchScreen.storyboard;
			sourceTree = "<group>";
		};
/* End PBXVariantGroup section */

/* Begin XCBuildConfiguration section */
		BF490F59285FE4F60039A813 /* Debug */ = {
			isa = XCBuildConfiguration;
			buildSettings = {
				BUNDLE_LOADER = "$(TEST_HOST)";
				CODE_SIGN_STYLE = Automatic;
				CURRENT_PROJECT_VERSION = 1;
				DEVELOPMENT_TEAM = 64WAG22Y2J;
				GENERATE_INFOPLIST_FILE = YES;
				MARKETING_VERSION = 1.0;
				PRODUCT_BUNDLE_IDENTIFIER = vincent.fastlaneTestTests;
				PRODUCT_NAME = "$(TARGET_NAME)";
				SWIFT_EMIT_LOC_STRINGS = NO;
				SWIFT_VERSION = 5.0;
				TARGETED_DEVICE_FAMILY = "1,2";
				TEST_HOST = "$(BUILT_PRODUCTS_DIR)/fastlaneTest.app/fastlaneTest";
			};
			name = Debug;
		};
		BF490F5A285FE4F60039A813 /* Release */ = {
			isa = XCBuildConfiguration;
			buildSettings = {
				BUNDLE_LOADER = "$(TEST_HOST)";
				CODE_SIGN_STYLE = Automatic;
				CURRENT_PROJECT_VERSION = 1;
				DEVELOPMENT_TEAM = 64WAG22Y2J;
				GENERATE_INFOPLIST_FILE = YES;
				MARKETING_VERSION = 1.0;
				PRODUCT_BUNDLE_IDENTIFIER = vincent.fastlaneTestTests;
				PRODUCT_NAME = "$(TARGET_NAME)";
				SWIFT_EMIT_LOC_STRINGS = NO;
				SWIFT_VERSION = 5.0;
				TARGETED_DEVICE_FAMILY = "1,2";
				TEST_HOST = "$(BUILT_PRODUCTS_DIR)/fastlaneTest.app/fastlaneTest";
			};
			name = Release;
		};
		BFEDB672285FE05F00AF4A98 /* Debug */ = {
			isa = XCBuildConfiguration;
			buildSettings = {
				ALWAYS_SEARCH_USER_PATHS = NO;
				CLANG_ANALYZER_NONNULL = YES;
				CLANG_ANALYZER_NUMBER_OBJECT_CONVERSION = YES_AGGRESSIVE;
				CLANG_CXX_LANGUAGE_STANDARD = "gnu++17";
				CLANG_ENABLE_MODULES = YES;
				CLANG_ENABLE_OBJC_ARC = YES;
				CLANG_ENABLE_OBJC_WEAK = YES;
				CLANG_WARN_BLOCK_CAPTURE_AUTORELEASING = YES;
				CLANG_WARN_BOOL_CONVERSION = YES;
				CLANG_WARN_COMMA = YES;
				CLANG_WARN_CONSTANT_CONVERSION = YES;
				CLANG_WARN_DEPRECATED_OBJC_IMPLEMENTATIONS = YES;
				CLANG_WARN_DIRECT_OBJC_ISA_USAGE = YES_ERROR;
				CLANG_WARN_DOCUMENTATION_COMMENTS = YES;
				CLANG_WARN_EMPTY_BODY = YES;
				CLANG_WARN_ENUM_CONVERSION = YES;
				CLANG_WARN_INFINITE_RECURSION = YES;
				CLANG_WARN_INT_CONVERSION = YES;
				CLANG_WARN_NON_LITERAL_NULL_CONVERSION = YES;
				CLANG_WARN_OBJC_IMPLICIT_RETAIN_SELF = YES;
				CLANG_WARN_OBJC_LITERAL_CONVERSION = YES;
				CLANG_WARN_OBJC_ROOT_CLASS = YES_ERROR;
				CLANG_WARN_QUOTED_INCLUDE_IN_FRAMEWORK_HEADER = YES;
				CLANG_WARN_RANGE_LOOP_ANALYSIS = YES;
				CLANG_WARN_STRICT_PROTOTYPES = YES;
				CLANG_WARN_SUSPICIOUS_MOVE = YES;
				CLANG_WARN_UNGUARDED_AVAILABILITY = YES_AGGRESSIVE;
				CLANG_WARN_UNREACHABLE_CODE = YES;
				CLANG_WARN__DUPLICATE_METHOD_MATCH = YES;
				COPY_PHASE_STRIP = NO;
				DEBUG_INFORMATION_FORMAT = dwarf;
				ENABLE_STRICT_OBJC_MSGSEND = YES;
				ENABLE_TESTABILITY = YES;
				GCC_C_LANGUAGE_STANDARD = gnu11;
				GCC_DYNAMIC_NO_PIC = NO;
				GCC_NO_COMMON_BLOCKS = YES;
				GCC_OPTIMIZATION_LEVEL = 0;
				GCC_PREPROCESSOR_DEFINITIONS = (
					"DEBUG=1",
					"$(inherited)",
				);
				GCC_WARN_64_TO_32_BIT_CONVERSION = YES;
				GCC_WARN_ABOUT_RETURN_TYPE = YES_ERROR;
				GCC_WARN_UNDECLARED_SELECTOR = YES;
				GCC_WARN_UNINITIALIZED_AUTOS = YES_AGGRESSIVE;
				GCC_WARN_UNUSED_FUNCTION = YES;
				GCC_WARN_UNUSED_VARIABLE = YES;
				IPHONEOS_DEPLOYMENT_TARGET = 15.5;
				MTL_ENABLE_DEBUG_INFO = INCLUDE_SOURCE;
				MTL_FAST_MATH = YES;
				ONLY_ACTIVE_ARCH = YES;
				SDKROOT = iphoneos;
				SWIFT_ACTIVE_COMPILATION_CONDITIONS = DEBUG;
				SWIFT_OPTIMIZATION_LEVEL = "-Onone";
			};
			name = Debug;
		};
		BFEDB673285FE05F00AF4A98 /* Release */ = {
			isa = XCBuildConfiguration;
			buildSettings = {
				ALWAYS_SEARCH_USER_PATHS = NO;
				CLANG_ANALYZER_NONNULL = YES;
				CLANG_ANALYZER_NUMBER_OBJECT_CONVERSION = YES_AGGRESSIVE;
				CLANG_CXX_LANGUAGE_STANDARD = "gnu++17";
				CLANG_ENABLE_MODULES = YES;
				CLANG_ENABLE_OBJC_ARC = YES;
				CLANG_ENABLE_OBJC_WEAK = YES;
				CLANG_WARN_BLOCK_CAPTURE_AUTORELEASING = YES;
				CLANG_WARN_BOOL_CONVERSION = YES;
				CLANG_WARN_COMMA = YES;
				CLANG_WARN_CONSTANT_CONVERSION = YES;
				CLANG_WARN_DEPRECATED_OBJC_IMPLEMENTATIONS = YES;
				CLANG_WARN_DIRECT_OBJC_ISA_USAGE = YES_ERROR;
				CLANG_WARN_DOCUMENTATION_COMMENTS = YES;
				CLANG_WARN_EMPTY_BODY = YES;
				CLANG_WARN_ENUM_CONVERSION = YES;
				CLANG_WARN_INFINITE_RECURSION = YES;
				CLANG_WARN_INT_CONVERSION = YES;
				CLANG_WARN_NON_LITERAL_NULL_CONVERSION = YES;
				CLANG_WARN_OBJC_IMPLICIT_RETAIN_SELF = YES;
				CLANG_WARN_OBJC_LITERAL_CONVERSION = YES;
				CLANG_WARN_OBJC_ROOT_CLASS = YES_ERROR;
				CLANG_WARN_QUOTED_INCLUDE_IN_FRAMEWORK_HEADER = YES;
				CLANG_WARN_RANGE_LOOP_ANALYSIS = YES;
				CLANG_WARN_STRICT_PROTOTYPES = YES;
				CLANG_WARN_SUSPICIOUS_MOVE = YES;
				CLANG_WARN_UNGUARDED_AVAILABILITY = YES_AGGRESSIVE;
				CLANG_WARN_UNREACHABLE_CODE = YES;
				CLANG_WARN__DUPLICATE_METHOD_MATCH = YES;
				COPY_PHASE_STRIP = NO;
				DEBUG_INFORMATION_FORMAT = "dwarf-with-dsym";
				ENABLE_NS_ASSERTIONS = NO;
				ENABLE_STRICT_OBJC_MSGSEND = YES;
				GCC_C_LANGUAGE_STANDARD = gnu11;
				GCC_NO_COMMON_BLOCKS = YES;
				GCC_WARN_64_TO_32_BIT_CONVERSION = YES;
				GCC_WARN_ABOUT_RETURN_TYPE = YES_ERROR;
				GCC_WARN_UNDECLARED_SELECTOR = YES;
				GCC_WARN_UNINITIALIZED_AUTOS = YES_AGGRESSIVE;
				GCC_WARN_UNUSED_FUNCTION = YES;
				GCC_WARN_UNUSED_VARIABLE = YES;
				IPHONEOS_DEPLOYMENT_TARGET = 15.5;
				MTL_ENABLE_DEBUG_INFO = NO;
				MTL_FAST_MATH = YES;
				SDKROOT = iphoneos;
				SWIFT_COMPILATION_MODE = wholemodule;
				SWIFT_OPTIMIZATION_LEVEL = "-O";
				VALIDATE_PRODUCT = YES;
			};
			name = Release;
		};
		BFEDB675285FE05F00AF4A98 /* Debug */ = {
			isa = XCBuildConfiguration;
			baseConfigurationReference = 4D269D2892B20561BDB29BFC /* Pods-fastlaneTest.debug.xcconfig */;
			buildSettings = {
				ASSETCATALOG_COMPILER_APPICON_NAME = AppIcon;
				ASSETCATALOG_COMPILER_GLOBAL_ACCENT_COLOR_NAME = AccentColor;
				CODE_SIGN_STYLE = Automatic;
				CURRENT_PROJECT_VERSION = 1;
				DEVELOPMENT_TEAM = 64WAG22Y2J;
				GENERATE_INFOPLIST_FILE = YES;
				INFOPLIST_FILE = fastlaneTest/Info.plist;
				INFOPLIST_KEY_UIApplicationSupportsIndirectInputEvents = YES;
				INFOPLIST_KEY_UILaunchStoryboardName = LaunchScreen;
				INFOPLIST_KEY_UIMainStoryboardFile = Main;
				INFOPLIST_KEY_UISupportedInterfaceOrientations_iPad = "UIInterfaceOrientationPortrait UIInterfaceOrientationPortraitUpsideDown UIInterfaceOrientationLandscapeLeft UIInterfaceOrientationLandscapeRight";
				INFOPLIST_KEY_UISupportedInterfaceOrientations_iPhone = "UIInterfaceOrientationPortrait UIInterfaceOrientationLandscapeLeft UIInterfaceOrientationLandscapeRight";
				LD_RUNPATH_SEARCH_PATHS = (
					"$(inherited)",
					"@executable_path/Frameworks",
				);
				MARKETING_VERSION = 1.0;
				PRODUCT_BUNDLE_IDENTIFIER = vincent.fastlaneTest;
				PRODUCT_NAME = "$(TARGET_NAME)";
				SWIFT_EMIT_LOC_STRINGS = YES;
				SWIFT_VERSION = 5.0;
				TARGETED_DEVICE_FAMILY = "1,2";
			};
			name = Debug;
		};
		BFEDB676285FE05F00AF4A98 /* Release */ = {
			isa = XCBuildConfiguration;
			baseConfigurationReference = 7E6AEABBA0B17D4F2EA505E7 /* Pods-fastlaneTest.release.xcconfig */;
			buildSettings = {
				ASSETCATALOG_COMPILER_APPICON_NAME = AppIcon;
				ASSETCATALOG_COMPILER_GLOBAL_ACCENT_COLOR_NAME = AccentColor;
				CODE_SIGN_STYLE = Automatic;
				CURRENT_PROJECT_VERSION = 1;
				DEVELOPMENT_TEAM = 64WAG22Y2J;
				GENERATE_INFOPLIST_FILE = YES;
				INFOPLIST_FILE = fastlaneTest/Info.plist;
				INFOPLIST_KEY_UIApplicationSupportsIndirectInputEvents = YES;
				INFOPLIST_KEY_UILaunchStoryboardName = LaunchScreen;
				INFOPLIST_KEY_UIMainStoryboardFile = Main;
				INFOPLIST_KEY_UISupportedInterfaceOrientations_iPad = "UIInterfaceOrientationPortrait UIInterfaceOrientationPortraitUpsideDown UIInterfaceOrientationLandscapeLeft UIInterfaceOrientationLandscapeRight";
				INFOPLIST_KEY_UISupportedInterfaceOrientations_iPhone = "UIInterfaceOrientationPortrait UIInterfaceOrientationLandscapeLeft UIInterfaceOrientationLandscapeRight";
				LD_RUNPATH_SEARCH_PATHS = (
					"$(inherited)",
					"@executable_path/Frameworks",
				);
				MARKETING_VERSION = 1.0;
				PRODUCT_BUNDLE_IDENTIFIER = vincent.fastlaneTest;
				PRODUCT_NAME = "$(TARGET_NAME)";
				SWIFT_EMIT_LOC_STRINGS = YES;
				SWIFT_VERSION = 5.0;
				TARGETED_DEVICE_FAMILY = "1,2";
			};
			name = Release;
		};
/* End XCBuildConfiguration section */

/* Begin XCConfigurationList section */
		BF490F5B285FE4F60039A813 /* Build configuration list for PBXNativeTarget "fastlaneTestTests" */ = {
			isa = XCConfigurationList;
			buildConfigurations = (
				BF490F59285FE4F60039A813 /* Debug */,
				BF490F5A285FE4F60039A813 /* Release */,
			);
			defaultConfigurationIsVisible = 0;
			defaultConfigurationName = Release;
		};
		BFEDB65B285FE05B00AF4A98 /* Build configuration list for PBXProject "fastlaneTest" */ = {
			isa = XCConfigurationList;
			buildConfigurations = (
				BFEDB672285FE05F00AF4A98 /* Debug */,
				BFEDB673285FE05F00AF4A98 /* Release */,
			);
			defaultConfigurationIsVisible = 0;
			defaultConfigurationName = Release;
		};
		BFEDB674285FE05F00AF4A98 /* Build configuration list for PBXNativeTarget "fastlaneTest" */ = {
			isa = XCConfigurationList;
			buildConfigurations = (
				BFEDB675285FE05F00AF4A98 /* Debug */,
				BFEDB676285FE05F00AF4A98 /* Release */,
			);
			defaultConfigurationIsVisible = 0;
			defaultConfigurationName = Release;
		};
/* End XCConfigurationList section */
	};
	rootObject = BFEDB658285FE05B00AF4A98 /* Project object */;
}
